// !$*UTF8*$!
{
	archiveVersion = 1;
	classes = {
	};
	objectVersion = 55;
	objects = {

/* Begin PBXBuildFile section */
		B248AE3D27CBF5D900C5CD54 /* WKWebViewController.swift in Sources */ = {isa = PBXBuildFile; fileRef = B248AE3C27CBF5D900C5CD54 /* WKWebViewController.swift */; };
		B248AE4027CBFF6700C5CD54 /* WKWebViewController+WKNavigationDelegate.swift in Sources */ = {isa = PBXBuildFile; fileRef = B248AE3F27CBFF6700C5CD54 /* WKWebViewController+WKNavigationDelegate.swift */; };
		B248AE4A27D0C3A700C5CD54 /* FriendModel.swift in Sources */ = {isa = PBXBuildFile; fileRef = B248AE4927D0C3A700C5CD54 /* FriendModel.swift */; };
		B248AE4C27D0C3C000C5CD54 /* GroupModel.swift in Sources */ = {isa = PBXBuildFile; fileRef = B248AE4B27D0C3C000C5CD54 /* GroupModel.swift */; };
		B248AE4E27D0C3F100C5CD54 /* PhotoModel.swift in Sources */ = {isa = PBXBuildFile; fileRef = B248AE4D27D0C3F100C5CD54 /* PhotoModel.swift */; };
		B25C1EA527F84BC80017F52B /* GoogleService-Info.plist in Resources */ = {isa = PBXBuildFile; fileRef = B25C1EA427F84BC80017F52B /* GoogleService-Info.plist */; };
		B25C1EA827F850090017F52B /* FirebaseAnalytics in Frameworks */ = {isa = PBXBuildFile; productRef = B25C1EA727F850090017F52B /* FirebaseAnalytics */; };
		B25C1EAA27F850090017F52B /* FirebaseAnalyticsSwift-Beta in Frameworks */ = {isa = PBXBuildFile; productRef = B25C1EA927F850090017F52B /* FirebaseAnalyticsSwift-Beta */; };
		B25C1EAC27F850090017F52B /* FirebaseAnalyticsWithoutAdIdSupport in Frameworks */ = {isa = PBXBuildFile; productRef = B25C1EAB27F850090017F52B /* FirebaseAnalyticsWithoutAdIdSupport */; };
		B25C1EAE27F850090017F52B /* FirebaseAppCheck in Frameworks */ = {isa = PBXBuildFile; productRef = B25C1EAD27F850090017F52B /* FirebaseAppCheck */; };
		B25C1EB027F850090017F52B /* FirebaseAppDistribution-Beta in Frameworks */ = {isa = PBXBuildFile; productRef = B25C1EAF27F850090017F52B /* FirebaseAppDistribution-Beta */; };
		B25C1EB227F850090017F52B /* FirebaseAuth in Frameworks */ = {isa = PBXBuildFile; productRef = B25C1EB127F850090017F52B /* FirebaseAuth */; };
		B25C1EB427F850090017F52B /* FirebaseAuthCombine-Community in Frameworks */ = {isa = PBXBuildFile; productRef = B25C1EB327F850090017F52B /* FirebaseAuthCombine-Community */; };
		B25C1EB627F850090017F52B /* FirebaseCrashlytics in Frameworks */ = {isa = PBXBuildFile; productRef = B25C1EB527F850090017F52B /* FirebaseCrashlytics */; };
		B25C1EB827F850090017F52B /* FirebaseDatabase in Frameworks */ = {isa = PBXBuildFile; productRef = B25C1EB727F850090017F52B /* FirebaseDatabase */; };
		B25C1EBA27F850090017F52B /* FirebaseDatabaseSwift-Beta in Frameworks */ = {isa = PBXBuildFile; productRef = B25C1EB927F850090017F52B /* FirebaseDatabaseSwift-Beta */; };
		B25C1EBC27F850090017F52B /* FirebaseDynamicLinks in Frameworks */ = {isa = PBXBuildFile; productRef = B25C1EBB27F850090017F52B /* FirebaseDynamicLinks */; };
		B25C1EBE27F850090017F52B /* FirebaseFirestore in Frameworks */ = {isa = PBXBuildFile; productRef = B25C1EBD27F850090017F52B /* FirebaseFirestore */; };
		B25C1EC027F850090017F52B /* FirebaseFirestoreCombine-Community in Frameworks */ = {isa = PBXBuildFile; productRef = B25C1EBF27F850090017F52B /* FirebaseFirestoreCombine-Community */; };
		B25C1EC227F850090017F52B /* FirebaseFirestoreSwift-Beta in Frameworks */ = {isa = PBXBuildFile; productRef = B25C1EC127F850090017F52B /* FirebaseFirestoreSwift-Beta */; };
		B25C1EC427F850090017F52B /* FirebaseFunctions in Frameworks */ = {isa = PBXBuildFile; productRef = B25C1EC327F850090017F52B /* FirebaseFunctions */; };
		B25C1EC627F850090017F52B /* FirebaseFunctionsCombine-Community in Frameworks */ = {isa = PBXBuildFile; productRef = B25C1EC527F850090017F52B /* FirebaseFunctionsCombine-Community */; };
		B25C1EC827F850090017F52B /* FirebaseFunctionsSwift-Beta in Frameworks */ = {isa = PBXBuildFile; productRef = B25C1EC727F850090017F52B /* FirebaseFunctionsSwift-Beta */; };
		B25C1ECA27F850090017F52B /* FirebaseInAppMessaging-Beta in Frameworks */ = {isa = PBXBuildFile; productRef = B25C1EC927F850090017F52B /* FirebaseInAppMessaging-Beta */; };
		B25C1ECC27F850090017F52B /* FirebaseInAppMessagingSwift-Beta in Frameworks */ = {isa = PBXBuildFile; productRef = B25C1ECB27F850090017F52B /* FirebaseInAppMessagingSwift-Beta */; };
		B25C1ECE27F850090017F52B /* FirebaseInstallations in Frameworks */ = {isa = PBXBuildFile; productRef = B25C1ECD27F850090017F52B /* FirebaseInstallations */; };
		B25C1ED027F850090017F52B /* FirebaseMLModelDownloader in Frameworks */ = {isa = PBXBuildFile; productRef = B25C1ECF27F850090017F52B /* FirebaseMLModelDownloader */; };
		B25C1ED227F850090017F52B /* FirebaseMessaging in Frameworks */ = {isa = PBXBuildFile; productRef = B25C1ED127F850090017F52B /* FirebaseMessaging */; };
		B25C1ED427F850090017F52B /* FirebasePerformance in Frameworks */ = {isa = PBXBuildFile; productRef = B25C1ED327F850090017F52B /* FirebasePerformance */; };
		B25C1ED627F850090017F52B /* FirebaseRemoteConfig in Frameworks */ = {isa = PBXBuildFile; productRef = B25C1ED527F850090017F52B /* FirebaseRemoteConfig */; };
		B25C1ED827F850090017F52B /* FirebaseRemoteConfigSwift-Beta in Frameworks */ = {isa = PBXBuildFile; productRef = B25C1ED727F850090017F52B /* FirebaseRemoteConfigSwift-Beta */; };
		B25C1EDA27F850090017F52B /* FirebaseStorage in Frameworks */ = {isa = PBXBuildFile; productRef = B25C1ED927F850090017F52B /* FirebaseStorage */; };
		B25C1EDC27F850090017F52B /* FirebaseStorageCombine-Community in Frameworks */ = {isa = PBXBuildFile; productRef = B25C1EDB27F850090017F52B /* FirebaseStorageCombine-Community */; };
		B25C1EDE27F850090017F52B /* FirebaseStorageSwift-Beta in Frameworks */ = {isa = PBXBuildFile; productRef = B25C1EDD27F850090017F52B /* FirebaseStorageSwift-Beta */; };
		B25C1EE127F88B9B0017F52B /* FirebaseGroups.swift in Sources */ = {isa = PBXBuildFile; fileRef = B25C1EE027F88B9B0017F52B /* FirebaseGroups.swift */; };
		B263058B27C23CB50014E39E /* GalleryViewController.swift in Sources */ = {isa = PBXBuildFile; fileRef = B263058A27C23CB50014E39E /* GalleryViewController.swift */; };
		B263058E27C23CED0014E39E /* GalleryCollectionViewCell.swift in Sources */ = {isa = PBXBuildFile; fileRef = B263058D27C23CED0014E39E /* GalleryCollectionViewCell.swift */; };
		B263059127C240AB0014E39E /* BottomViewItem.swift in Sources */ = {isa = PBXBuildFile; fileRef = B263059027C240AB0014E39E /* BottomViewItem.swift */; };
		B263059327C240ED0014E39E /* AvatarView.swift in Sources */ = {isa = PBXBuildFile; fileRef = B263059227C240ED0014E39E /* AvatarView.swift */; };
		B263059627C271A90014E39E /* NewsViewController+JSON.swift in Sources */ = {isa = PBXBuildFile; fileRef = B263059527C271A90014E39E /* NewsViewController+JSON.swift */; };
		B263059827C271B50014E39E /* NewsTableViewCell.swift in Sources */ = {isa = PBXBuildFile; fileRef = B263059727C271B50014E39E /* NewsTableViewCell.swift */; };
		B263059B27C279C00014E39E /* Session.swift in Sources */ = {isa = PBXBuildFile; fileRef = B263059A27C279C00014E39E /* Session.swift */; };
		B272722B27F702320026AAEF /* PostsJSON.swift in Sources */ = {isa = PBXBuildFile; fileRef = B272722A27F702320026AAEF /* PostsJSON.swift */; };
		B2782B9F27C120C900977F87 /* AppDelegate.swift in Sources */ = {isa = PBXBuildFile; fileRef = B2782B9E27C120C900977F87 /* AppDelegate.swift */; };
		B2782BA127C120C900977F87 /* SceneDelegate.swift in Sources */ = {isa = PBXBuildFile; fileRef = B2782BA027C120C900977F87 /* SceneDelegate.swift */; };
		B2782BA927C120C900977F87 /* VK_noStoryboard.xcdatamodeld in Sources */ = {isa = PBXBuildFile; fileRef = B2782BA727C120C900977F87 /* VK_noStoryboard.xcdatamodeld */; };
		B2782BAB27C120CC00977F87 /* Assets.xcassets in Resources */ = {isa = PBXBuildFile; fileRef = B2782BAA27C120CC00977F87 /* Assets.xcassets */; };
		B2782BAE27C120CC00977F87 /* LaunchScreen.storyboard in Resources */ = {isa = PBXBuildFile; fileRef = B2782BAC27C120CC00977F87 /* LaunchScreen.storyboard */; };
		B2782BB627C121C100977F87 /* LoginViewController.swift in Sources */ = {isa = PBXBuildFile; fileRef = B2782BB527C121C000977F87 /* LoginViewController.swift */; };
		B2782BBC27C1321500977F87 /* LoginView.swift in Sources */ = {isa = PBXBuildFile; fileRef = B2782BBB27C1321500977F87 /* LoginView.swift */; };
		B2782BBE27C1372000977F87 /* LoginInputView.swift in Sources */ = {isa = PBXBuildFile; fileRef = B2782BBD27C1372000977F87 /* LoginInputView.swift */; };
		B2782BC027C1455600977F87 /* LoadingView.swift in Sources */ = {isa = PBXBuildFile; fileRef = B2782BBF27C1455600977F87 /* LoadingView.swift */; };
		B2782BC327C14E2B00977F87 /* LoginViewController+notifications.swift in Sources */ = {isa = PBXBuildFile; fileRef = B2782BC227C14E2B00977F87 /* LoginViewController+notifications.swift */; };
		B2782BC527C1537700977F87 /* LoginView+actions.swift in Sources */ = {isa = PBXBuildFile; fileRef = B2782BC427C1537700977F87 /* LoginView+actions.swift */; };
		B2782BC727C15DE800977F87 /* TabBarViewController.swift in Sources */ = {isa = PBXBuildFile; fileRef = B2782BC627C15DE800977F87 /* TabBarViewController.swift */; };
		B2782BD227C1652500977F87 /* FriendsViewController.swift in Sources */ = {isa = PBXBuildFile; fileRef = B2782BD127C1652500977F87 /* FriendsViewController.swift */; };
		B2782BD427C1666D00977F87 /* GroupsViewController.swift in Sources */ = {isa = PBXBuildFile; fileRef = B2782BD327C1666D00977F87 /* GroupsViewController.swift */; };
		B2782BD627C1668F00977F87 /* NewsViewController.swift in Sources */ = {isa = PBXBuildFile; fileRef = B2782BD527C1668F00977F87 /* NewsViewController.swift */; };
		B2782BD927C16A2500977F87 /* FriendsViewController+DataFill.swift in Sources */ = {isa = PBXBuildFile; fileRef = B2782BD827C16A2500977F87 /* FriendsViewController+DataFill.swift */; };
		B2782BDB27C16A3B00977F87 /* FriendsViewController+DataSource.swift in Sources */ = {isa = PBXBuildFile; fileRef = B2782BDA27C16A3B00977F87 /* FriendsViewController+DataSource.swift */; };
		B2782BDD27C16A4400977F87 /* FriendsViewController+Delegate.swift in Sources */ = {isa = PBXBuildFile; fileRef = B2782BDC27C16A4400977F87 /* FriendsViewController+Delegate.swift */; };
		B2782BDF27C16A7C00977F87 /* CustomTableViewCell.swift in Sources */ = {isa = PBXBuildFile; fileRef = B2782BDE27C16A7C00977F87 /* CustomTableViewCell.swift */; };
		B2782BE627C16ADB00977F87 /* vkService.swift in Sources */ = {isa = PBXBuildFile; fileRef = B2782BE527C16ADB00977F87 /* vkService.swift */; };
		B2782BE827C175C100977F87 /* AllGroupsViewController.swift in Sources */ = {isa = PBXBuildFile; fileRef = B2782BE727C175C100977F87 /* AllGroupsViewController.swift */; };
		B29C687327F0EDE90025722F /* Realm in Frameworks */ = {isa = PBXBuildFile; productRef = B29C687227F0EDE90025722F /* Realm */; };
		B29C687527F0EDE90025722F /* RealmSwift in Frameworks */ = {isa = PBXBuildFile; productRef = B29C687427F0EDE90025722F /* RealmSwift */; };
		B29C687927F0F0640025722F /* Alamofire in Frameworks */ = {isa = PBXBuildFile; productRef = B29C687827F0F0640025722F /* Alamofire */; };
		B29C687C27F0F15E0025722F /* Alamofire in Frameworks */ = {isa = PBXBuildFile; productRef = B29C687B27F0F15E0025722F /* Alamofire */; };
		B2A8C60727ED3D7000EA675D /* RealmService.swift in Sources */ = {isa = PBXBuildFile; fileRef = B2A8C60627ED3D7000EA675D /* RealmService.swift */; };
/* End PBXBuildFile section */

/* Begin PBXFileReference section */
		B248AE3C27CBF5D900C5CD54 /* WKWebViewController.swift */ = {isa = PBXFileReference; lastKnownFileType = sourcecode.swift; path = WKWebViewController.swift; sourceTree = "<group>"; };
		B248AE3F27CBFF6700C5CD54 /* WKWebViewController+WKNavigationDelegate.swift */ = {isa = PBXFileReference; lastKnownFileType = sourcecode.swift; path = "WKWebViewController+WKNavigationDelegate.swift"; sourceTree = "<group>"; };
		B248AE4927D0C3A700C5CD54 /* FriendModel.swift */ = {isa = PBXFileReference; lastKnownFileType = sourcecode.swift; path = FriendModel.swift; sourceTree = "<group>"; };
		B248AE4B27D0C3C000C5CD54 /* GroupModel.swift */ = {isa = PBXFileReference; lastKnownFileType = sourcecode.swift; path = GroupModel.swift; sourceTree = "<group>"; };
		B248AE4D27D0C3F100C5CD54 /* PhotoModel.swift */ = {isa = PBXFileReference; lastKnownFileType = sourcecode.swift; path = PhotoModel.swift; sourceTree = "<group>"; };
		B25C1EA427F84BC80017F52B /* GoogleService-Info.plist */ = {isa = PBXFileReference; fileEncoding = 4; lastKnownFileType = text.plist.xml; path = "GoogleService-Info.plist"; sourceTree = "<group>"; };
		B25C1EE027F88B9B0017F52B /* FirebaseGroups.swift */ = {isa = PBXFileReference; lastKnownFileType = sourcecode.swift; path = FirebaseGroups.swift; sourceTree = "<group>"; };
		B263058A27C23CB50014E39E /* GalleryViewController.swift */ = {isa = PBXFileReference; lastKnownFileType = sourcecode.swift; path = GalleryViewController.swift; sourceTree = "<group>"; };
		B263058D27C23CED0014E39E /* GalleryCollectionViewCell.swift */ = {isa = PBXFileReference; lastKnownFileType = sourcecode.swift; path = GalleryCollectionViewCell.swift; sourceTree = "<group>"; };
		B263059027C240AB0014E39E /* BottomViewItem.swift */ = {isa = PBXFileReference; lastKnownFileType = sourcecode.swift; path = BottomViewItem.swift; sourceTree = "<group>"; };
		B263059227C240ED0014E39E /* AvatarView.swift */ = {isa = PBXFileReference; lastKnownFileType = sourcecode.swift; path = AvatarView.swift; sourceTree = "<group>"; };
		B263059527C271A90014E39E /* NewsViewController+JSON.swift */ = {isa = PBXFileReference; lastKnownFileType = sourcecode.swift; path = "NewsViewController+JSON.swift"; sourceTree = "<group>"; };
		B263059727C271B50014E39E /* NewsTableViewCell.swift */ = {isa = PBXFileReference; lastKnownFileType = sourcecode.swift; path = NewsTableViewCell.swift; sourceTree = "<group>"; };
		B263059A27C279C00014E39E /* Session.swift */ = {isa = PBXFileReference; lastKnownFileType = sourcecode.swift; path = Session.swift; sourceTree = "<group>"; };
		B272722A27F702320026AAEF /* PostsJSON.swift */ = {isa = PBXFileReference; lastKnownFileType = sourcecode.swift; path = PostsJSON.swift; sourceTree = "<group>"; };
		B2782B9B27C120C900977F87 /* VK_noStoryboard.app */ = {isa = PBXFileReference; explicitFileType = wrapper.application; includeInIndex = 0; path = VK_noStoryboard.app; sourceTree = BUILT_PRODUCTS_DIR; };
		B2782B9E27C120C900977F87 /* AppDelegate.swift */ = {isa = PBXFileReference; lastKnownFileType = sourcecode.swift; path = AppDelegate.swift; sourceTree = "<group>"; };
		B2782BA027C120C900977F87 /* SceneDelegate.swift */ = {isa = PBXFileReference; lastKnownFileType = sourcecode.swift; path = SceneDelegate.swift; sourceTree = "<group>"; };
		B2782BA827C120C900977F87 /* VK_noStoryboard.xcdatamodel */ = {isa = PBXFileReference; lastKnownFileType = wrapper.xcdatamodel; path = VK_noStoryboard.xcdatamodel; sourceTree = "<group>"; };
		B2782BAA27C120CC00977F87 /* Assets.xcassets */ = {isa = PBXFileReference; lastKnownFileType = folder.assetcatalog; path = Assets.xcassets; sourceTree = "<group>"; };
		B2782BAD27C120CC00977F87 /* Base */ = {isa = PBXFileReference; lastKnownFileType = file.storyboard; name = Base; path = Base.lproj/LaunchScreen.storyboard; sourceTree = "<group>"; };
		B2782BAF27C120CC00977F87 /* Info.plist */ = {isa = PBXFileReference; lastKnownFileType = text.plist.xml; path = Info.plist; sourceTree = "<group>"; };
		B2782BB527C121C000977F87 /* LoginViewController.swift */ = {isa = PBXFileReference; lastKnownFileType = sourcecode.swift; path = LoginViewController.swift; sourceTree = "<group>"; };
		B2782BBB27C1321500977F87 /* LoginView.swift */ = {isa = PBXFileReference; lastKnownFileType = sourcecode.swift; path = LoginView.swift; sourceTree = "<group>"; };
		B2782BBD27C1372000977F87 /* LoginInputView.swift */ = {isa = PBXFileReference; lastKnownFileType = sourcecode.swift; path = LoginInputView.swift; sourceTree = "<group>"; };
		B2782BBF27C1455600977F87 /* LoadingView.swift */ = {isa = PBXFileReference; lastKnownFileType = sourcecode.swift; path = LoadingView.swift; sourceTree = "<group>"; };
		B2782BC227C14E2B00977F87 /* LoginViewController+notifications.swift */ = {isa = PBXFileReference; lastKnownFileType = sourcecode.swift; path = "LoginViewController+notifications.swift"; sourceTree = "<group>"; };
		B2782BC427C1537700977F87 /* LoginView+actions.swift */ = {isa = PBXFileReference; lastKnownFileType = sourcecode.swift; path = "LoginView+actions.swift"; sourceTree = "<group>"; };
		B2782BC627C15DE800977F87 /* TabBarViewController.swift */ = {isa = PBXFileReference; lastKnownFileType = sourcecode.swift; path = TabBarViewController.swift; sourceTree = "<group>"; };
		B2782BD127C1652500977F87 /* FriendsViewController.swift */ = {isa = PBXFileReference; lastKnownFileType = sourcecode.swift; path = FriendsViewController.swift; sourceTree = "<group>"; };
		B2782BD327C1666D00977F87 /* GroupsViewController.swift */ = {isa = PBXFileReference; lastKnownFileType = sourcecode.swift; path = GroupsViewController.swift; sourceTree = "<group>"; };
		B2782BD527C1668F00977F87 /* NewsViewController.swift */ = {isa = PBXFileReference; lastKnownFileType = sourcecode.swift; path = NewsViewController.swift; sourceTree = "<group>"; };
		B2782BD827C16A2500977F87 /* FriendsViewController+DataFill.swift */ = {isa = PBXFileReference; lastKnownFileType = sourcecode.swift; path = "FriendsViewController+DataFill.swift"; sourceTree = "<group>"; };
		B2782BDA27C16A3B00977F87 /* FriendsViewController+DataSource.swift */ = {isa = PBXFileReference; lastKnownFileType = sourcecode.swift; path = "FriendsViewController+DataSource.swift"; sourceTree = "<group>"; };
		B2782BDC27C16A4400977F87 /* FriendsViewController+Delegate.swift */ = {isa = PBXFileReference; lastKnownFileType = sourcecode.swift; path = "FriendsViewController+Delegate.swift"; sourceTree = "<group>"; };
		B2782BDE27C16A7C00977F87 /* CustomTableViewCell.swift */ = {isa = PBXFileReference; lastKnownFileType = sourcecode.swift; path = CustomTableViewCell.swift; sourceTree = "<group>"; };
		B2782BE527C16ADB00977F87 /* vkService.swift */ = {isa = PBXFileReference; lastKnownFileType = sourcecode.swift; path = vkService.swift; sourceTree = "<group>"; };
		B2782BE727C175C100977F87 /* AllGroupsViewController.swift */ = {isa = PBXFileReference; lastKnownFileType = sourcecode.swift; path = AllGroupsViewController.swift; sourceTree = "<group>"; };
		B2A8C60627ED3D7000EA675D /* RealmService.swift */ = {isa = PBXFileReference; lastKnownFileType = sourcecode.swift; path = RealmService.swift; sourceTree = "<group>"; };
/* End PBXFileReference section */

/* Begin PBXFrameworksBuildPhase section */
		B2782B9827C120C900977F87 /* Frameworks */ = {
			isa = PBXFrameworksBuildPhase;
			buildActionMask = 2147483647;
			files = (
				B25C1EB827F850090017F52B /* FirebaseDatabase in Frameworks */,
				B25C1EAE27F850090017F52B /* FirebaseAppCheck in Frameworks */,
				B25C1ED427F850090017F52B /* FirebasePerformance in Frameworks */,
				B25C1ED627F850090017F52B /* FirebaseRemoteConfig in Frameworks */,
				B25C1EB227F850090017F52B /* FirebaseAuth in Frameworks */,
				B25C1EDE27F850090017F52B /* FirebaseStorageSwift-Beta in Frameworks */,
				B25C1ECE27F850090017F52B /* FirebaseInstallations in Frameworks */,
				B25C1EC627F850090017F52B /* FirebaseFunctionsCombine-Community in Frameworks */,
				B25C1ECC27F850090017F52B /* FirebaseInAppMessagingSwift-Beta in Frameworks */,
				B25C1EAA27F850090017F52B /* FirebaseAnalyticsSwift-Beta in Frameworks */,
				B25C1ED027F850090017F52B /* FirebaseMLModelDownloader in Frameworks */,
				B25C1ED227F850090017F52B /* FirebaseMessaging in Frameworks */,
				B29C687927F0F0640025722F /* Alamofire in Frameworks */,
				B25C1EBE27F850090017F52B /* FirebaseFirestore in Frameworks */,
				B29C687C27F0F15E0025722F /* Alamofire in Frameworks */,
				B25C1ED827F850090017F52B /* FirebaseRemoteConfigSwift-Beta in Frameworks */,
				B29C687527F0EDE90025722F /* RealmSwift in Frameworks */,
				B25C1EB427F850090017F52B /* FirebaseAuthCombine-Community in Frameworks */,
				B25C1EAC27F850090017F52B /* FirebaseAnalyticsWithoutAdIdSupport in Frameworks */,
				B25C1EC427F850090017F52B /* FirebaseFunctions in Frameworks */,
				B25C1EA827F850090017F52B /* FirebaseAnalytics in Frameworks */,
				B25C1EC827F850090017F52B /* FirebaseFunctionsSwift-Beta in Frameworks */,
				B25C1EC027F850090017F52B /* FirebaseFirestoreCombine-Community in Frameworks */,
				B25C1EB627F850090017F52B /* FirebaseCrashlytics in Frameworks */,
				B25C1EDA27F850090017F52B /* FirebaseStorage in Frameworks */,
				B29C687327F0EDE90025722F /* Realm in Frameworks */,
				B25C1ECA27F850090017F52B /* FirebaseInAppMessaging-Beta in Frameworks */,
				B25C1EBA27F850090017F52B /* FirebaseDatabaseSwift-Beta in Frameworks */,
				B25C1EDC27F850090017F52B /* FirebaseStorageCombine-Community in Frameworks */,
				B25C1EC227F850090017F52B /* FirebaseFirestoreSwift-Beta in Frameworks */,
				B25C1EB027F850090017F52B /* FirebaseAppDistribution-Beta in Frameworks */,
				B25C1EBC27F850090017F52B /* FirebaseDynamicLinks in Frameworks */,
			);
			runOnlyForDeploymentPostprocessing = 0;
		};
/* End PBXFrameworksBuildPhase section */

/* Begin PBXGroup section */
		B248AE3E27CBFF4900C5CD54 /* WKWebView */ = {
			isa = PBXGroup;
			children = (
				B248AE3C27CBF5D900C5CD54 /* WKWebViewController.swift */,
				B248AE3F27CBFF6700C5CD54 /* WKWebViewController+WKNavigationDelegate.swift */,
			);
			path = WKWebView;
			sourceTree = "<group>";
		};
		B25C1EDF27F88B780017F52B /* Firebase */ = {
			isa = PBXGroup;
			children = (
				B25C1EE027F88B9B0017F52B /* FirebaseGroups.swift */,
			);
			path = Firebase;
			sourceTree = "<group>";
		};
		B263058C27C23CBD0014E39E /* Gallery */ = {
			isa = PBXGroup;
			children = (
				B263058A27C23CB50014E39E /* GalleryViewController.swift */,
				B263058D27C23CED0014E39E /* GalleryCollectionViewCell.swift */,
			);
			path = Gallery;
			sourceTree = "<group>";
		};
		B263059427C2719C0014E39E /* NewsViewController */ = {
			isa = PBXGroup;
			children = (
				B2782BD527C1668F00977F87 /* NewsViewController.swift */,
				B263059527C271A90014E39E /* NewsViewController+JSON.swift */,
			);
			path = NewsViewController;
			sourceTree = "<group>";
		};
		B272722927F701190026AAEF /* Realm */ = {
			isa = PBXGroup;
			children = (
				B248AE4927D0C3A700C5CD54 /* FriendModel.swift */,
				B248AE4B27D0C3C000C5CD54 /* GroupModel.swift */,
				B248AE4D27D0C3F100C5CD54 /* PhotoModel.swift */,
				B2A8C60627ED3D7000EA675D /* RealmService.swift */,
			);
			path = Realm;
			sourceTree = "<group>";
		};
		B2782B9227C120C900977F87 = {
			isa = PBXGroup;
			children = (
				B2782B9D27C120C900977F87 /* VK_noStoryboard */,
				B2782B9C27C120C900977F87 /* Products */,
			);
			sourceTree = "<group>";
		};
		B2782B9C27C120C900977F87 /* Products */ = {
			isa = PBXGroup;
			children = (
				B2782B9B27C120C900977F87 /* VK_noStoryboard.app */,
			);
			name = Products;
			sourceTree = "<group>";
		};
		B2782B9D27C120C900977F87 /* VK_noStoryboard */ = {
			isa = PBXGroup;
			children = (
				B2782B9E27C120C900977F87 /* AppDelegate.swift */,
				B2782BA027C120C900977F87 /* SceneDelegate.swift */,
				B2782BDE27C16A7C00977F87 /* CustomTableViewCell.swift */,
				B2782BC627C15DE800977F87 /* TabBarViewController.swift */,
				B2782BC127C14B1C00977F87 /* Subviews */,
				B248AE3E27CBFF4900C5CD54 /* WKWebView */,
				B2782BE027C16AAE00977F87 /* Model */,
				B2782BB727C121CA00977F87 /* Login */,
				B2782BC827C1622200977F87 /* Friends */,
				B2782BC927C1622F00977F87 /* Groups */,
				B2782BCA27C1624700977F87 /* News */,
				B2782BAA27C120CC00977F87 /* Assets.xcassets */,
				B2782BAC27C120CC00977F87 /* LaunchScreen.storyboard */,
				B25C1EA427F84BC80017F52B /* GoogleService-Info.plist */,
				B2782BAF27C120CC00977F87 /* Info.plist */,
				B2782BA727C120C900977F87 /* VK_noStoryboard.xcdatamodeld */,
			);
			path = VK_noStoryboard;
			sourceTree = "<group>";
		};
		B2782BB727C121CA00977F87 /* Login */ = {
			isa = PBXGroup;
			children = (
				B2782BB527C121C000977F87 /* LoginViewController.swift */,
				B2782BC227C14E2B00977F87 /* LoginViewController+notifications.swift */,
				B2782BBB27C1321500977F87 /* LoginView.swift */,
				B2782BC427C1537700977F87 /* LoginView+actions.swift */,
			);
			path = Login;
			sourceTree = "<group>";
		};
		B2782BC127C14B1C00977F87 /* Subviews */ = {
			isa = PBXGroup;
			children = (
				B2782BBD27C1372000977F87 /* LoginInputView.swift */,
				B2782BBF27C1455600977F87 /* LoadingView.swift */,
				B263059027C240AB0014E39E /* BottomViewItem.swift */,
				B263059227C240ED0014E39E /* AvatarView.swift */,
			);
			path = Subviews;
			sourceTree = "<group>";
		};
		B2782BC827C1622200977F87 /* Friends */ = {
			isa = PBXGroup;
			children = (
				B2782BD727C16A0900977F87 /* FriendsViewController */,
				B263058C27C23CBD0014E39E /* Gallery */,
			);
			path = Friends;
			sourceTree = "<group>";
		};
		B2782BC927C1622F00977F87 /* Groups */ = {
			isa = PBXGroup;
			children = (
				B25C1EDF27F88B780017F52B /* Firebase */,
				B2782BD327C1666D00977F87 /* GroupsViewController.swift */,
				B2782BE727C175C100977F87 /* AllGroupsViewController.swift */,
			);
			path = Groups;
			sourceTree = "<group>";
		};
		B2782BCA27C1624700977F87 /* News */ = {
			isa = PBXGroup;
			children = (
				B263059427C2719C0014E39E /* NewsViewController */,
				B263059727C271B50014E39E /* NewsTableViewCell.swift */,
			);
			path = News;
			sourceTree = "<group>";
		};
		B2782BD727C16A0900977F87 /* FriendsViewController */ = {
			isa = PBXGroup;
			children = (
				B2782BD127C1652500977F87 /* FriendsViewController.swift */,
				B2782BD827C16A2500977F87 /* FriendsViewController+DataFill.swift */,
				B2782BDA27C16A3B00977F87 /* FriendsViewController+DataSource.swift */,
				B2782BDC27C16A4400977F87 /* FriendsViewController+Delegate.swift */,
			);
			path = FriendsViewController;
			sourceTree = "<group>";
		};
		B2782BE027C16AAE00977F87 /* Model */ = {
			isa = PBXGroup;
			children = (
				B272722927F701190026AAEF /* Realm */,
				B2782BE527C16ADB00977F87 /* vkService.swift */,
				B263059A27C279C00014E39E /* Session.swift */,
				B272722A27F702320026AAEF /* PostsJSON.swift */,
			);
			path = Model;
			sourceTree = "<group>";
		};
/* End PBXGroup section */

/* Begin PBXNativeTarget section */
		B2782B9A27C120C900977F87 /* VK_noStoryboard */ = {
			isa = PBXNativeTarget;
			buildConfigurationList = B2782BB227C120CC00977F87 /* Build configuration list for PBXNativeTarget "VK_noStoryboard" */;
			buildPhases = (
				B2782B9727C120C900977F87 /* Sources */,
				B2782B9827C120C900977F87 /* Frameworks */,
				B2782B9927C120C900977F87 /* Resources */,
			);
			buildRules = (
			);
			dependencies = (
			);
			name = VK_noStoryboard;
			packageProductDependencies = (
				B29C687227F0EDE90025722F /* Realm */,
				B29C687427F0EDE90025722F /* RealmSwift */,
				B29C687827F0F0640025722F /* Alamofire */,
				B29C687B27F0F15E0025722F /* Alamofire */,
				B25C1EA727F850090017F52B /* FirebaseAnalytics */,
				B25C1EA927F850090017F52B /* FirebaseAnalyticsSwift-Beta */,
				B25C1EAB27F850090017F52B /* FirebaseAnalyticsWithoutAdIdSupport */,
				B25C1EAD27F850090017F52B /* FirebaseAppCheck */,
				B25C1EAF27F850090017F52B /* FirebaseAppDistribution-Beta */,
				B25C1EB127F850090017F52B /* FirebaseAuth */,
				B25C1EB327F850090017F52B /* FirebaseAuthCombine-Community */,
				B25C1EB527F850090017F52B /* FirebaseCrashlytics */,
				B25C1EB727F850090017F52B /* FirebaseDatabase */,
				B25C1EB927F850090017F52B /* FirebaseDatabaseSwift-Beta */,
				B25C1EBB27F850090017F52B /* FirebaseDynamicLinks */,
				B25C1EBD27F850090017F52B /* FirebaseFirestore */,
				B25C1EBF27F850090017F52B /* FirebaseFirestoreCombine-Community */,
				B25C1EC127F850090017F52B /* FirebaseFirestoreSwift-Beta */,
				B25C1EC327F850090017F52B /* FirebaseFunctions */,
				B25C1EC527F850090017F52B /* FirebaseFunctionsCombine-Community */,
				B25C1EC727F850090017F52B /* FirebaseFunctionsSwift-Beta */,
				B25C1EC927F850090017F52B /* FirebaseInAppMessaging-Beta */,
				B25C1ECB27F850090017F52B /* FirebaseInAppMessagingSwift-Beta */,
				B25C1ECD27F850090017F52B /* FirebaseInstallations */,
				B25C1ECF27F850090017F52B /* FirebaseMLModelDownloader */,
				B25C1ED127F850090017F52B /* FirebaseMessaging */,
				B25C1ED327F850090017F52B /* FirebasePerformance */,
				B25C1ED527F850090017F52B /* FirebaseRemoteConfig */,
				B25C1ED727F850090017F52B /* FirebaseRemoteConfigSwift-Beta */,
				B25C1ED927F850090017F52B /* FirebaseStorage */,
				B25C1EDB27F850090017F52B /* FirebaseStorageCombine-Community */,
				B25C1EDD27F850090017F52B /* FirebaseStorageSwift-Beta */,
			);
			productName = VK_noStoryboard;
			productReference = B2782B9B27C120C900977F87 /* VK_noStoryboard.app */;
			productType = "com.apple.product-type.application";
		};
/* End PBXNativeTarget section */

/* Begin PBXProject section */
		B2782B9327C120C900977F87 /* Project object */ = {
			isa = PBXProject;
			attributes = {
				BuildIndependentTargetsInParallel = 1;
				LastSwiftUpdateCheck = 1320;
				LastUpgradeCheck = 1320;
				TargetAttributes = {
					B2782B9A27C120C900977F87 = {
						CreatedOnToolsVersion = 13.2.1;
					};
				};
			};
			buildConfigurationList = B2782B9627C120C900977F87 /* Build configuration list for PBXProject "VK_noStoryboard" */;
			compatibilityVersion = "Xcode 13.0";
			developmentRegion = en;
			hasScannedForEncodings = 0;
			knownRegions = (
				en,
				Base,
			);
			mainGroup = B2782B9227C120C900977F87;
			packageReferences = (
				B29C687127F0EDE90025722F /* XCRemoteSwiftPackageReference "realm-swift" */,
				B29C687627F0EE550025722F /* XCRemoteSwiftPackageReference "Alamofire" */,
				B25C1EA627F850080017F52B /* XCRemoteSwiftPackageReference "firebase-ios-sdk" */,
			);
			productRefGroup = B2782B9C27C120C900977F87 /* Products */;
			projectDirPath = "";
			projectRoot = "";
			targets = (
				B2782B9A27C120C900977F87 /* VK_noStoryboard */,
			);
		};
/* End PBXProject section */

/* Begin PBXResourcesBuildPhase section */
		B2782B9927C120C900977F87 /* Resources */ = {
			isa = PBXResourcesBuildPhase;
			buildActionMask = 2147483647;
			files = (
				B2782BAE27C120CC00977F87 /* LaunchScreen.storyboard in Resources */,
				B2782BAB27C120CC00977F87 /* Assets.xcassets in Resources */,
				B25C1EA527F84BC80017F52B /* GoogleService-Info.plist in Resources */,
			);
			runOnlyForDeploymentPostprocessing = 0;
		};
/* End PBXResourcesBuildPhase section */

/* Begin PBXSourcesBuildPhase section */
		B2782B9727C120C900977F87 /* Sources */ = {
			isa = PBXSourcesBuildPhase;
			buildActionMask = 2147483647;
			files = (
				B263059B27C279C00014E39E /* Session.swift in Sources */,
				B2782BD427C1666D00977F87 /* GroupsViewController.swift in Sources */,
				B2782BC527C1537700977F87 /* LoginView+actions.swift in Sources */,
				B2782BBC27C1321500977F87 /* LoginView.swift in Sources */,
				B2782BD627C1668F00977F87 /* NewsViewController.swift in Sources */,
				B263058E27C23CED0014E39E /* GalleryCollectionViewCell.swift in Sources */,
				B25C1EE127F88B9B0017F52B /* FirebaseGroups.swift in Sources */,
				B2782BDB27C16A3B00977F87 /* FriendsViewController+DataSource.swift in Sources */,
				B263059127C240AB0014E39E /* BottomViewItem.swift in Sources */,
				B2782BB627C121C100977F87 /* LoginViewController.swift in Sources */,
				B263059827C271B50014E39E /* NewsTableViewCell.swift in Sources */,
				B272722B27F702320026AAEF /* PostsJSON.swift in Sources */,
				B263059327C240ED0014E39E /* AvatarView.swift in Sources */,
				B2782BDF27C16A7C00977F87 /* CustomTableViewCell.swift in Sources */,
				B2782B9F27C120C900977F87 /* AppDelegate.swift in Sources */,
				B2A8C60727ED3D7000EA675D /* RealmService.swift in Sources */,
				B2782BD227C1652500977F87 /* FriendsViewController.swift in Sources */,
				B248AE4E27D0C3F100C5CD54 /* PhotoModel.swift in Sources */,
				B2782BE627C16ADB00977F87 /* vkService.swift in Sources */,
				B263058B27C23CB50014E39E /* GalleryViewController.swift in Sources */,
				B248AE4027CBFF6700C5CD54 /* WKWebViewController+WKNavigationDelegate.swift in Sources */,
				B248AE4C27D0C3C000C5CD54 /* GroupModel.swift in Sources */,
				B2782BD927C16A2500977F87 /* FriendsViewController+DataFill.swift in Sources */,
				B2782BA927C120C900977F87 /* VK_noStoryboard.xcdatamodeld in Sources */,
				B2782BE827C175C100977F87 /* AllGroupsViewController.swift in Sources */,
				B2782BC027C1455600977F87 /* LoadingView.swift in Sources */,
				B2782BBE27C1372000977F87 /* LoginInputView.swift in Sources */,
				B248AE3D27CBF5D900C5CD54 /* WKWebViewController.swift in Sources */,
				B2782BC327C14E2B00977F87 /* LoginViewController+notifications.swift in Sources */,
				B263059627C271A90014E39E /* NewsViewController+JSON.swift in Sources */,
				B2782BC727C15DE800977F87 /* TabBarViewController.swift in Sources */,
				B2782BA127C120C900977F87 /* SceneDelegate.swift in Sources */,
				B248AE4A27D0C3A700C5CD54 /* FriendModel.swift in Sources */,
				B2782BDD27C16A4400977F87 /* FriendsViewController+Delegate.swift in Sources */,
			);
			runOnlyForDeploymentPostprocessing = 0;
		};
/* End PBXSourcesBuildPhase section */

/* Begin PBXVariantGroup section */
		B2782BAC27C120CC00977F87 /* LaunchScreen.storyboard */ = {
			isa = PBXVariantGroup;
			children = (
				B2782BAD27C120CC00977F87 /* Base */,
			);
			name = LaunchScreen.storyboard;
			sourceTree = "<group>";
		};
/* End PBXVariantGroup section */

/* Begin XCBuildConfiguration section */
		B2782BB027C120CC00977F87 /* Debug */ = {
			isa = XCBuildConfiguration;
			buildSettings = {
				ALWAYS_SEARCH_USER_PATHS = NO;
				CLANG_ANALYZER_NONNULL = YES;
				CLANG_ANALYZER_NUMBER_OBJECT_CONVERSION = YES_AGGRESSIVE;
				CLANG_CXX_LANGUAGE_STANDARD = "gnu++17";
				CLANG_CXX_LIBRARY = "libc++";
				CLANG_ENABLE_MODULES = YES;
				CLANG_ENABLE_OBJC_ARC = YES;
				CLANG_ENABLE_OBJC_WEAK = YES;
				CLANG_WARN_BLOCK_CAPTURE_AUTORELEASING = YES;
				CLANG_WARN_BOOL_CONVERSION = YES;
				CLANG_WARN_COMMA = YES;
				CLANG_WARN_CONSTANT_CONVERSION = YES;
				CLANG_WARN_DEPRECATED_OBJC_IMPLEMENTATIONS = YES;
				CLANG_WARN_DIRECT_OBJC_ISA_USAGE = YES_ERROR;
				CLANG_WARN_DOCUMENTATION_COMMENTS = YES;
				CLANG_WARN_EMPTY_BODY = YES;
				CLANG_WARN_ENUM_CONVERSION = YES;
				CLANG_WARN_INFINITE_RECURSION = YES;
				CLANG_WARN_INT_CONVERSION = YES;
				CLANG_WARN_NON_LITERAL_NULL_CONVERSION = YES;
				CLANG_WARN_OBJC_IMPLICIT_RETAIN_SELF = YES;
				CLANG_WARN_OBJC_LITERAL_CONVERSION = YES;
				CLANG_WARN_OBJC_ROOT_CLASS = YES_ERROR;
				CLANG_WARN_QUOTED_INCLUDE_IN_FRAMEWORK_HEADER = YES;
				CLANG_WARN_RANGE_LOOP_ANALYSIS = YES;
				CLANG_WARN_STRICT_PROTOTYPES = YES;
				CLANG_WARN_SUSPICIOUS_MOVE = YES;
				CLANG_WARN_UNGUARDED_AVAILABILITY = YES_AGGRESSIVE;
				CLANG_WARN_UNREACHABLE_CODE = YES;
				CLANG_WARN__DUPLICATE_METHOD_MATCH = YES;
				COPY_PHASE_STRIP = NO;
				DEBUG_INFORMATION_FORMAT = dwarf;
				ENABLE_STRICT_OBJC_MSGSEND = YES;
				ENABLE_TESTABILITY = YES;
				GCC_C_LANGUAGE_STANDARD = gnu11;
				GCC_DYNAMIC_NO_PIC = NO;
				GCC_NO_COMMON_BLOCKS = YES;
				GCC_OPTIMIZATION_LEVEL = 0;
				GCC_PREPROCESSOR_DEFINITIONS = (
					"DEBUG=1",
					"$(inherited)",
				);
				GCC_WARN_64_TO_32_BIT_CONVERSION = YES;
				GCC_WARN_ABOUT_RETURN_TYPE = YES_ERROR;
				GCC_WARN_UNDECLARED_SELECTOR = YES;
				GCC_WARN_UNINITIALIZED_AUTOS = YES_AGGRESSIVE;
				GCC_WARN_UNUSED_FUNCTION = YES;
				GCC_WARN_UNUSED_VARIABLE = YES;
				IPHONEOS_DEPLOYMENT_TARGET = 15.2;
				MTL_ENABLE_DEBUG_INFO = INCLUDE_SOURCE;
				MTL_FAST_MATH = YES;
				ONLY_ACTIVE_ARCH = YES;
				SDKROOT = iphoneos;
				SWIFT_ACTIVE_COMPILATION_CONDITIONS = DEBUG;
				SWIFT_OPTIMIZATION_LEVEL = "-Onone";
			};
			name = Debug;
		};
		B2782BB127C120CC00977F87 /* Release */ = {
			isa = XCBuildConfiguration;
			buildSettings = {
				ALWAYS_SEARCH_USER_PATHS = NO;
				CLANG_ANALYZER_NONNULL = YES;
				CLANG_ANALYZER_NUMBER_OBJECT_CONVERSION = YES_AGGRESSIVE;
				CLANG_CXX_LANGUAGE_STANDARD = "gnu++17";
				CLANG_CXX_LIBRARY = "libc++";
				CLANG_ENABLE_MODULES = YES;
				CLANG_ENABLE_OBJC_ARC = YES;
				CLANG_ENABLE_OBJC_WEAK = YES;
				CLANG_WARN_BLOCK_CAPTURE_AUTORELEASING = YES;
				CLANG_WARN_BOOL_CONVERSION = YES;
				CLANG_WARN_COMMA = YES;
				CLANG_WARN_CONSTANT_CONVERSION = YES;
				CLANG_WARN_DEPRECATED_OBJC_IMPLEMENTATIONS = YES;
				CLANG_WARN_DIRECT_OBJC_ISA_USAGE = YES_ERROR;
				CLANG_WARN_DOCUMENTATION_COMMENTS = YES;
				CLANG_WARN_EMPTY_BODY = YES;
				CLANG_WARN_ENUM_CONVERSION = YES;
				CLANG_WARN_INFINITE_RECURSION = YES;
				CLANG_WARN_INT_CONVERSION = YES;
				CLANG_WARN_NON_LITERAL_NULL_CONVERSION = YES;
				CLANG_WARN_OBJC_IMPLICIT_RETAIN_SELF = YES;
				CLANG_WARN_OBJC_LITERAL_CONVERSION = YES;
				CLANG_WARN_OBJC_ROOT_CLASS = YES_ERROR;
				CLANG_WARN_QUOTED_INCLUDE_IN_FRAMEWORK_HEADER = YES;
				CLANG_WARN_RANGE_LOOP_ANALYSIS = YES;
				CLANG_WARN_STRICT_PROTOTYPES = YES;
				CLANG_WARN_SUSPICIOUS_MOVE = YES;
				CLANG_WARN_UNGUARDED_AVAILABILITY = YES_AGGRESSIVE;
				CLANG_WARN_UNREACHABLE_CODE = YES;
				CLANG_WARN__DUPLICATE_METHOD_MATCH = YES;
				COPY_PHASE_STRIP = NO;
				DEBUG_INFORMATION_FORMAT = "dwarf-with-dsym";
				ENABLE_NS_ASSERTIONS = NO;
				ENABLE_STRICT_OBJC_MSGSEND = YES;
				GCC_C_LANGUAGE_STANDARD = gnu11;
				GCC_NO_COMMON_BLOCKS = YES;
				GCC_WARN_64_TO_32_BIT_CONVERSION = YES;
				GCC_WARN_ABOUT_RETURN_TYPE = YES_ERROR;
				GCC_WARN_UNDECLARED_SELECTOR = YES;
				GCC_WARN_UNINITIALIZED_AUTOS = YES_AGGRESSIVE;
				GCC_WARN_UNUSED_FUNCTION = YES;
				GCC_WARN_UNUSED_VARIABLE = YES;
				IPHONEOS_DEPLOYMENT_TARGET = 15.2;
				MTL_ENABLE_DEBUG_INFO = NO;
				MTL_FAST_MATH = YES;
				SDKROOT = iphoneos;
				SWIFT_COMPILATION_MODE = wholemodule;
				SWIFT_OPTIMIZATION_LEVEL = "-O";
				VALIDATE_PRODUCT = YES;
			};
			name = Release;
		};
		B2782BB327C120CC00977F87 /* Debug */ = {
			isa = XCBuildConfiguration;
			buildSettings = {
				ASSETCATALOG_COMPILER_APPICON_NAME = AppIcon;
				ASSETCATALOG_COMPILER_GLOBAL_ACCENT_COLOR_NAME = AccentColor;
				CODE_SIGN_STYLE = Automatic;
				CURRENT_PROJECT_VERSION = 1;
				DEVELOPMENT_TEAM = V39395A3DV;
				GENERATE_INFOPLIST_FILE = YES;
				INFOPLIST_FILE = VK_noStoryboard/Info.plist;
				INFOPLIST_KEY_UIApplicationSupportsIndirectInputEvents = YES;
				INFOPLIST_KEY_UILaunchStoryboardName = LaunchScreen;
				INFOPLIST_KEY_UISupportedInterfaceOrientations = UIInterfaceOrientationPortrait;
				INFOPLIST_KEY_UISupportedInterfaceOrientations_iPad = "UIInterfaceOrientationPortrait UIInterfaceOrientationPortraitUpsideDown UIInterfaceOrientationLandscapeLeft UIInterfaceOrientationLandscapeRight";
				INFOPLIST_KEY_UISupportedInterfaceOrientations_iPhone = "UIInterfaceOrientationPortrait UIInterfaceOrientationLandscapeLeft UIInterfaceOrientationLandscapeRight";
				LD_RUNPATH_SEARCH_PATHS = (
					"$(inherited)",
					"@executable_path/Frameworks",
				);
				MARKETING_VERSION = 1.0;
				PRODUCT_BUNDLE_IDENTIFIER = "com.avokisol.VK-noStoryboard";
				PRODUCT_NAME = "$(TARGET_NAME)";
				SWIFT_EMIT_LOC_STRINGS = YES;
				SWIFT_VERSION = 5.0;
				TARGETED_DEVICE_FAMILY = "1,2";
			};
			name = Debug;
		};
		B2782BB427C120CC00977F87 /* Release */ = {
			isa = XCBuildConfiguration;
			buildSettings = {
				ASSETCATALOG_COMPILER_APPICON_NAME = AppIcon;
				ASSETCATALOG_COMPILER_GLOBAL_ACCENT_COLOR_NAME = AccentColor;
				CODE_SIGN_STYLE = Automatic;
				CURRENT_PROJECT_VERSION = 1;
				DEVELOPMENT_TEAM = V39395A3DV;
				GENERATE_INFOPLIST_FILE = YES;
				INFOPLIST_FILE = VK_noStoryboard/Info.plist;
				INFOPLIST_KEY_UIApplicationSupportsIndirectInputEvents = YES;
				INFOPLIST_KEY_UILaunchStoryboardName = LaunchScreen;
				INFOPLIST_KEY_UISupportedInterfaceOrientations = UIInterfaceOrientationPortrait;
				INFOPLIST_KEY_UISupportedInterfaceOrientations_iPad = "UIInterfaceOrientationPortrait UIInterfaceOrientationPortraitUpsideDown UIInterfaceOrientationLandscapeLeft UIInterfaceOrientationLandscapeRight";
				INFOPLIST_KEY_UISupportedInterfaceOrientations_iPhone = "UIInterfaceOrientationPortrait UIInterfaceOrientationLandscapeLeft UIInterfaceOrientationLandscapeRight";
				LD_RUNPATH_SEARCH_PATHS = (
					"$(inherited)",
					"@executable_path/Frameworks",
				);
				MARKETING_VERSION = 1.0;
				PRODUCT_BUNDLE_IDENTIFIER = "com.avokisol.VK-noStoryboard";
				PRODUCT_NAME = "$(TARGET_NAME)";
				SWIFT_EMIT_LOC_STRINGS = YES;
				SWIFT_VERSION = 5.0;
				TARGETED_DEVICE_FAMILY = "1,2";
			};
			name = Release;
		};
/* End XCBuildConfiguration section */

/* Begin XCConfigurationList section */
		B2782B9627C120C900977F87 /* Build configuration list for PBXProject "VK_noStoryboard" */ = {
			isa = XCConfigurationList;
			buildConfigurations = (
				B2782BB027C120CC00977F87 /* Debug */,
				B2782BB127C120CC00977F87 /* Release */,
			);
			defaultConfigurationIsVisible = 0;
			defaultConfigurationName = Release;
		};
		B2782BB227C120CC00977F87 /* Build configuration list for PBXNativeTarget "VK_noStoryboard" */ = {
			isa = XCConfigurationList;
			buildConfigurations = (
				B2782BB327C120CC00977F87 /* Debug */,
				B2782BB427C120CC00977F87 /* Release */,
			);
			defaultConfigurationIsVisible = 0;
			defaultConfigurationName = Release;
		};
/* End XCConfigurationList section */

/* Begin XCRemoteSwiftPackageReference section */
		B25C1EA627F850080017F52B /* XCRemoteSwiftPackageReference "firebase-ios-sdk" */ = {
			isa = XCRemoteSwiftPackageReference;
			repositoryURL = "https://github.com/firebase/firebase-ios-sdk";
			requirement = {
				kind = upToNextMajorVersion;
				minimumVersion = 8.0.0;
			};
		};
		B29C687127F0EDE90025722F /* XCRemoteSwiftPackageReference "realm-swift" */ = {
			isa = XCRemoteSwiftPackageReference;
			repositoryURL = "https://github.com/realm/realm-swift.git";
			requirement = {
				branch = master;
				kind = branch;
			};
		};
		B29C687627F0EE550025722F /* XCRemoteSwiftPackageReference "Alamofire" */ = {
			isa = XCRemoteSwiftPackageReference;
			repositoryURL = "https://github.com/Alamofire/Alamofire.git";
			requirement = {
				kind = upToNextMajorVersion;
				minimumVersion = 5.0.0;
			};
		};
/* End XCRemoteSwiftPackageReference section */

/* Begin XCSwiftPackageProductDependency section */
		B25C1EA727F850090017F52B /* FirebaseAnalytics */ = {
			isa = XCSwiftPackageProductDependency;
			package = B25C1EA627F850080017F52B /* XCRemoteSwiftPackageReference "firebase-ios-sdk" */;
			productName = FirebaseAnalytics;
		};
		B25C1EA927F850090017F52B /* FirebaseAnalyticsSwift-Beta */ = {
			isa = XCSwiftPackageProductDependency;
			package = B25C1EA627F850080017F52B /* XCRemoteSwiftPackageReference "firebase-ios-sdk" */;
			productName = "FirebaseAnalyticsSwift-Beta";
		};
		B25C1EAB27F850090017F52B /* FirebaseAnalyticsWithoutAdIdSupport */ = {
			isa = XCSwiftPackageProductDependency;
			package = B25C1EA627F850080017F52B /* XCRemoteSwiftPackageReference "firebase-ios-sdk" */;
			productName = FirebaseAnalyticsWithoutAdIdSupport;
		};
		B25C1EAD27F850090017F52B /* FirebaseAppCheck */ = {
			isa = XCSwiftPackageProductDependency;
			package = B25C1EA627F850080017F52B /* XCRemoteSwiftPackageReference "firebase-ios-sdk" */;
			productName = FirebaseAppCheck;
		};
		B25C1EAF27F850090017F52B /* FirebaseAppDistribution-Beta */ = {
			isa = XCSwiftPackageProductDependency;
			package = B25C1EA627F850080017F52B /* XCRemoteSwiftPackageReference "firebase-ios-sdk" */;
			productName = "FirebaseAppDistribution-Beta";
		};
		B25C1EB127F850090017F52B /* FirebaseAuth */ = {
			isa = XCSwiftPackageProductDependency;
			package = B25C1EA627F850080017F52B /* XCRemoteSwiftPackageReference "firebase-ios-sdk" */;
			productName = FirebaseAuth;
		};
		B25C1EB327F850090017F52B /* FirebaseAuthCombine-Community */ = {
			isa = XCSwiftPackageProductDependency;
			package = B25C1EA627F850080017F52B /* XCRemoteSwiftPackageReference "firebase-ios-sdk" */;
			productName = "FirebaseAuthCombine-Community";
		};
		B25C1EB527F850090017F52B /* FirebaseCrashlytics */ = {
			isa = XCSwiftPackageProductDependency;
			package = B25C1EA627F850080017F52B /* XCRemoteSwiftPackageReference "firebase-ios-sdk" */;
			productName = FirebaseCrashlytics;
		};
		B25C1EB727F850090017F52B /* FirebaseDatabase */ = {
			isa = XCSwiftPackageProductDependency;
			package = B25C1EA627F850080017F52B /* XCRemoteSwiftPackageReference "firebase-ios-sdk" */;
			productName = FirebaseDatabase;
		};
		B25C1EB927F850090017F52B /* FirebaseDatabaseSwift-Beta */ = {
			isa = XCSwiftPackageProductDependency;
			package = B25C1EA627F850080017F52B /* XCRemoteSwiftPackageReference "firebase-ios-sdk" */;
			productName = "FirebaseDatabaseSwift-Beta";
		};
		B25C1EBB27F850090017F52B /* FirebaseDynamicLinks */ = {
			isa = XCSwiftPackageProductDependency;
			package = B25C1EA627F850080017F52B /* XCRemoteSwiftPackageReference "firebase-ios-sdk" */;
			productName = FirebaseDynamicLinks;
		};
		B25C1EBD27F850090017F52B /* FirebaseFirestore */ = {
			isa = XCSwiftPackageProductDependency;
			package = B25C1EA627F850080017F52B /* XCRemoteSwiftPackageReference "firebase-ios-sdk" */;
			productName = FirebaseFirestore;
		};
		B25C1EBF27F850090017F52B /* FirebaseFirestoreCombine-Community */ = {
			isa = XCSwiftPackageProductDependency;
			package = B25C1EA627F850080017F52B /* XCRemoteSwiftPackageReference "firebase-ios-sdk" */;
			productName = "FirebaseFirestoreCombine-Community";
		};
		B25C1EC127F850090017F52B /* FirebaseFirestoreSwift-Beta */ = {
			isa = XCSwiftPackageProductDependency;
			package = B25C1EA627F850080017F52B /* XCRemoteSwiftPackageReference "firebase-ios-sdk" */;
			productName = "FirebaseFirestoreSwift-Beta";
		};
		B25C1EC327F850090017F52B /* FirebaseFunctions */ = {
			isa = XCSwiftPackageProductDependency;
			package = B25C1EA627F850080017F52B /* XCRemoteSwiftPackageReference "firebase-ios-sdk" */;
			productName = FirebaseFunctions;
		};
		B25C1EC527F850090017F52B /* FirebaseFunctionsCombine-Community */ = {
			isa = XCSwiftPackageProductDependency;
			package = B25C1EA627F850080017F52B /* XCRemoteSwiftPackageReference "firebase-ios-sdk" */;
			productName = "FirebaseFunctionsCombine-Community";
		};
		B25C1EC727F850090017F52B /* FirebaseFunctionsSwift-Beta */ = {
			isa = XCSwiftPackageProductDependency;
			package = B25C1EA627F850080017F52B /* XCRemoteSwiftPackageReference "firebase-ios-sdk" */;
			productName = "FirebaseFunctionsSwift-Beta";
		};
		B25C1EC927F850090017F52B /* FirebaseInAppMessaging-Beta */ = {
			isa = XCSwiftPackageProductDependency;
			package = B25C1EA627F850080017F52B /* XCRemoteSwiftPackageReference "firebase-ios-sdk" */;
			productName = "FirebaseInAppMessaging-Beta";
		};
		B25C1ECB27F850090017F52B /* FirebaseInAppMessagingSwift-Beta */ = {
			isa = XCSwiftPackageProductDependency;
			package = B25C1EA627F850080017F52B /* XCRemoteSwiftPackageReference "firebase-ios-sdk" */;
			productName = "FirebaseInAppMessagingSwift-Beta";
		};
		B25C1ECD27F850090017F52B /* FirebaseInstallations */ = {
			isa = XCSwiftPackageProductDependency;
			package = B25C1EA627F850080017F52B /* XCRemoteSwiftPackageReference "firebase-ios-sdk" */;
			productName = FirebaseInstallations;
		};
		B25C1ECF27F850090017F52B /* FirebaseMLModelDownloader */ = {
			isa = XCSwiftPackageProductDependency;
			package = B25C1EA627F850080017F52B /* XCRemoteSwiftPackageReference "firebase-ios-sdk" */;
			productName = FirebaseMLModelDownloader;
		};
		B25C1ED127F850090017F52B /* FirebaseMessaging */ = {
			isa = XCSwiftPackageProductDependency;
			package = B25C1EA627F850080017F52B /* XCRemoteSwiftPackageReference "firebase-ios-sdk" */;
			productName = FirebaseMessaging;
		};
		B25C1ED327F850090017F52B /* FirebasePerformance */ = {
			isa = XCSwiftPackageProductDependency;
			package = B25C1EA627F850080017F52B /* XCRemoteSwiftPackageReference "firebase-ios-sdk" */;
			productName = FirebasePerformance;
		};
		B25C1ED527F850090017F52B /* FirebaseRemoteConfig */ = {
			isa = XCSwiftPackageProductDependency;
			package = B25C1EA627F850080017F52B /* XCRemoteSwiftPackageReference "firebase-ios-sdk" */;
			productName = FirebaseRemoteConfig;
		};
		B25C1ED727F850090017F52B /* FirebaseRemoteConfigSwift-Beta */ = {
			isa = XCSwiftPackageProductDependency;
			package = B25C1EA627F850080017F52B /* XCRemoteSwiftPackageReference "firebase-ios-sdk" */;
			productName = "FirebaseRemoteConfigSwift-Beta";
		};
		B25C1ED927F850090017F52B /* FirebaseStorage */ = {
			isa = XCSwiftPackageProductDependency;
			package = B25C1EA627F850080017F52B /* XCRemoteSwiftPackageReference "firebase-ios-sdk" */;
			productName = FirebaseStorage;
		};
		B25C1EDB27F850090017F52B /* FirebaseStorageCombine-Community */ = {
			isa = XCSwiftPackageProductDependency;
			package = B25C1EA627F850080017F52B /* XCRemoteSwiftPackageReference "firebase-ios-sdk" */;
			productName = "FirebaseStorageCombine-Community";
		};
		B25C1EDD27F850090017F52B /* FirebaseStorageSwift-Beta */ = {
			isa = XCSwiftPackageProductDependency;
			package = B25C1EA627F850080017F52B /* XCRemoteSwiftPackageReference "firebase-ios-sdk" */;
			productName = "FirebaseStorageSwift-Beta";
		};
		B29C687227F0EDE90025722F /* Realm */ = {
			isa = XCSwiftPackageProductDependency;
			package = B29C687127F0EDE90025722F /* XCRemoteSwiftPackageReference "realm-swift" */;
			productName = Realm;
		};
		B29C687427F0EDE90025722F /* RealmSwift */ = {
			isa = XCSwiftPackageProductDependency;
			package = B29C687127F0EDE90025722F /* XCRemoteSwiftPackageReference "realm-swift" */;
			productName = RealmSwift;
		};
		B29C687827F0F0640025722F /* Alamofire */ = {
			isa = XCSwiftPackageProductDependency;
			package = B29C687627F0EE550025722F /* XCRemoteSwiftPackageReference "Alamofire" */;
			productName = Alamofire;
		};
		B29C687B27F0F15E0025722F /* Alamofire */ = {
			isa = XCSwiftPackageProductDependency;
			package = B29C687627F0EE550025722F /* XCRemoteSwiftPackageReference "Alamofire" */;
			productName = Alamofire;
		};
/* End XCSwiftPackageProductDependency section */

/* Begin XCVersionGroup section */
		B2782BA727C120C900977F87 /* VK_noStoryboard.xcdatamodeld */ = {
			isa = XCVersionGroup;
			children = (
				B2782BA827C120C900977F87 /* VK_noStoryboard.xcdatamodel */,
			);
			currentVersion = B2782BA827C120C900977F87 /* VK_noStoryboard.xcdatamodel */;
			path = VK_noStoryboard.xcdatamodeld;
			sourceTree = "<group>";
			versionGroupType = wrapper.xcdatamodel;
		};
/* End XCVersionGroup section */
	};
	rootObject = B2782B9327C120C900977F87 /* Project object */;
}
